
Microsoft Visual Studio Solution File, Format Version 12.00
# Visual Studio Version 17
VisualStudioVersion = 17.0.31903.59
MinimumVisualStudioVersion = 10.0.40219.1
Project("{FAE04EC0-301F-11D3-BF4B-00C04F79EFBC}") = "File_Integrity_Utility", "File_Integrity_Utility\File_Integrity_Utility.csproj", "{BD90BB43-5897-4FCA-B886-B870EAEB7DAF}"
EndProject
Global
	GlobalSection(SolutionConfigurationPlatforms) = preSolution
		Debug|Any CPU = Debug|Any CPU
		Release|Any CPU = Release|Any CPU
	EndGlobalSection
	GlobalSection(ProjectConfigurationPlatforms) = postSolution
		{BD90BB43-5897-4FCA-B886-B870EAEB7DAF}.Debug|Any CPU.ActiveCfg = Debug|Any CPU
		{BD90BB43-5897-4FCA-B886-B870EAEB7DAF}.Debug|Any CPU.Build.0 = Debug|Any CPU
		{BD90BB43-5897-4FCA-B886-B870EAEB7DAF}.Release|Any CPU.ActiveCfg = Release|Any CPU
		{BD90BB43-5897-4FCA-B886-B870EAEB7DAF}.Release|Any CPU.Build.0 = Release|Any CPU
	EndGlobalSection
	GlobalSection(SolutionProperties) = preSolution
		HideSolutionNode = FALSE
	EndGlobalSection
	GlobalSection(ExtensibilityGlobals) = postSolution
		SolutionGuid = {C698D175-37BF-4A50-948D-E3E5903B5898}
	EndGlobalSection
EndGlobal
